
Microsoft Visual Studio Solution File, Format Version 12.00
# Visual Studio Version 17
VisualStudioVersion = 17.0.31903.59
MinimumVisualStudioVersion = 10.0.40219.1
Project("{FAE04EC0-301F-11D3-BF4B-00C04F79EFBC}") = "utils", "utils\utils.csproj", "{4F0C9192-A63A-4D19-BFA8-66FD5B4EB75F}"
EndProject
Project("{FAE04EC0-301F-11D3-BF4B-00C04F79EFBC}") = "utils.tests", "utils.tests\utils.tests.csproj", "{8BBFF5EF-93B0-4663-BD93-88DAE4F4CCD4}"
EndProject
Project("{FAE04EC0-301F-11D3-BF4B-00C04F79EFBC}") = "solutions.tests", "solutions.tests\solutions.tests.csproj", "{8BEEEA60-1C79-4FF1-BCBD-FC354BC8A2CF}"
EndProject
Project("{FAE04EC0-301F-11D3-BF4B-00C04F79EFBC}") = "day-2022-12-01", "day-2022-12-01\day-2022-12-01.csproj", "{7862B03C-7F77-4453-9A68-59FD24C4F3ED}"
EndProject
Project("{FAE04EC0-301F-11D3-BF4B-00C04F79EFBC}") = "day-2022-12-01.app", "day-2022-12-01.app\day-2022-12-01.app.csproj", "{A782EA7B-B387-438B-82EE-E845F563AB81}"
EndProject
Project("{FAE04EC0-301F-11D3-BF4B-00C04F79EFBC}") = "day-2022-12-01.tests", "day-2022-12-01.tests\day-2022-12-01.tests.csproj", "{A85D0DEB-A440-4F14-AB19-EE9B4D3A729D}"
EndProject
Project("{FAE04EC0-301F-11D3-BF4B-00C04F79EFBC}") = "day-2022-12-02", "day-2022-12-02\day-2022-12-02.csproj", "{E6243335-28B5-4732-9B7A-2EA7B6971D77}"
EndProject
Project("{FAE04EC0-301F-11D3-BF4B-00C04F79EFBC}") = "day-2022-12-02.app", "day-2022-12-02.app\day-2022-12-02.app.csproj", "{3DE4EE66-7571-4EB5-A68E-3CBBF5ECC37B}"
EndProject
Project("{FAE04EC0-301F-11D3-BF4B-00C04F79EFBC}") = "day-2022-12-02.tests", "day-2022-12-02.tests\day-2022-12-02.tests.csproj", "{5116A36A-F8F0-40A3-8AE3-F36F61B97E05}"
EndProject
Project("{FAE04EC0-301F-11D3-BF4B-00C04F79EFBC}") = "day-2022-12-03", "day-2022-12-03\day-2022-12-03.csproj", "{9E8A2337-43D3-4881-8D31-7F8EB477B134}"
EndProject
Project("{FAE04EC0-301F-11D3-BF4B-00C04F79EFBC}") = "day-2022-12-03.app", "day-2022-12-03.app\day-2022-12-03.app.csproj", "{579A9EBD-2A0A-480F-A2EE-03BA17BD410F}"
EndProject
Project("{FAE04EC0-301F-11D3-BF4B-00C04F79EFBC}") = "day-2022-12-03.tests", "day-2022-12-03.tests\day-2022-12-03.tests.csproj", "{395D2C71-4EFE-4545-B066-52AA3A7FCBBE}"
EndProject
Project("{FAE04EC0-301F-11D3-BF4B-00C04F79EFBC}") = "day-2022-12-04", "day-2022-12-04\day-2022-12-04.csproj", "{403B63FD-7295-4E77-B6B7-A277255E9BE2}"
EndProject
Project("{FAE04EC0-301F-11D3-BF4B-00C04F79EFBC}") = "day-2022-12-04.app", "day-2022-12-04.app\day-2022-12-04.app.csproj", "{E6324166-795F-41B6-B82D-83F22FDC3041}"
EndProject
Project("{FAE04EC0-301F-11D3-BF4B-00C04F79EFBC}") = "day-2022-12-04.tests", "day-2022-12-04.tests\day-2022-12-04.tests.csproj", "{2F091D0B-33FD-4667-B42B-4FAC9201C8E8}"
EndProject
Project("{FAE04EC0-301F-11D3-BF4B-00C04F79EFBC}") = "day-2022-12-05", "day-2022-12-05\day-2022-12-05.csproj", "{909C38FD-066A-49AA-8202-14DB8F2BAE2E}"
EndProject
Project("{FAE04EC0-301F-11D3-BF4B-00C04F79EFBC}") = "day-2022-12-05.app", "day-2022-12-05.app\day-2022-12-05.app.csproj", "{EDB10CE3-511E-45B1-A32D-FB7AC4D612CF}"
EndProject
Project("{FAE04EC0-301F-11D3-BF4B-00C04F79EFBC}") = "day-2022-12-05.tests", "day-2022-12-05.tests\day-2022-12-05.tests.csproj", "{17B9F268-14A3-40AE-8AC1-227A949609F2}"
EndProject
Project("{FAE04EC0-301F-11D3-BF4B-00C04F79EFBC}") = "day-2022-12-06", "day-2022-12-06\day-2022-12-06.csproj", "{D9DE3448-6CDE-40A8-AFF7-B7E566B2F2C2}"
EndProject
Project("{FAE04EC0-301F-11D3-BF4B-00C04F79EFBC}") = "day-2022-12-06.app", "day-2022-12-06.app\day-2022-12-06.app.csproj", "{B9DA293B-9A08-4802-8E7A-27C5EB6856C9}"
EndProject
Project("{FAE04EC0-301F-11D3-BF4B-00C04F79EFBC}") = "day-2022-12-06.tests", "day-2022-12-06.tests\day-2022-12-06.tests.csproj", "{3069C186-1DD1-45D7-B9C9-94436C2EA177}"
EndProject
Project("{FAE04EC0-301F-11D3-BF4B-00C04F79EFBC}") = "day-2022-12-07", "day-2022-12-07\day-2022-12-07.csproj", "{22EA9E61-87A3-48CA-8AFB-CC81647A1DB1}"
EndProject
Project("{FAE04EC0-301F-11D3-BF4B-00C04F79EFBC}") = "day-2022-12-07.app", "day-2022-12-07.app\day-2022-12-07.app.csproj", "{AB2C4C4D-E75F-4D88-A1F9-4FE60A26D0DE}"
EndProject
Project("{FAE04EC0-301F-11D3-BF4B-00C04F79EFBC}") = "day-2022-12-07.tests", "day-2022-12-07.tests\day-2022-12-07.tests.csproj", "{BF7E9974-E315-4308-8C1B-E3E074F76DC0}"
EndProject
Global
	GlobalSection(SolutionConfigurationPlatforms) = preSolution
		Debug|Any CPU = Debug|Any CPU
		Release|Any CPU = Release|Any CPU
	EndGlobalSection
	GlobalSection(SolutionProperties) = preSolution
		HideSolutionNode = FALSE
	EndGlobalSection
	GlobalSection(ProjectConfigurationPlatforms) = postSolution
		{4F0C9192-A63A-4D19-BFA8-66FD5B4EB75F}.Debug|Any CPU.ActiveCfg = Debug|Any CPU
		{4F0C9192-A63A-4D19-BFA8-66FD5B4EB75F}.Debug|Any CPU.Build.0 = Debug|Any CPU
		{4F0C9192-A63A-4D19-BFA8-66FD5B4EB75F}.Release|Any CPU.ActiveCfg = Release|Any CPU
		{4F0C9192-A63A-4D19-BFA8-66FD5B4EB75F}.Release|Any CPU.Build.0 = Release|Any CPU
		{8BBFF5EF-93B0-4663-BD93-88DAE4F4CCD4}.Debug|Any CPU.ActiveCfg = Debug|Any CPU
		{8BBFF5EF-93B0-4663-BD93-88DAE4F4CCD4}.Debug|Any CPU.Build.0 = Debug|Any CPU
		{8BBFF5EF-93B0-4663-BD93-88DAE4F4CCD4}.Release|Any CPU.ActiveCfg = Release|Any CPU
		{8BBFF5EF-93B0-4663-BD93-88DAE4F4CCD4}.Release|Any CPU.Build.0 = Release|Any CPU
		{8BEEEA60-1C79-4FF1-BCBD-FC354BC8A2CF}.Debug|Any CPU.ActiveCfg = Debug|Any CPU
		{8BEEEA60-1C79-4FF1-BCBD-FC354BC8A2CF}.Debug|Any CPU.Build.0 = Debug|Any CPU
		{8BEEEA60-1C79-4FF1-BCBD-FC354BC8A2CF}.Release|Any CPU.ActiveCfg = Release|Any CPU
		{8BEEEA60-1C79-4FF1-BCBD-FC354BC8A2CF}.Release|Any CPU.Build.0 = Release|Any CPU
		{7862B03C-7F77-4453-9A68-59FD24C4F3ED}.Debug|Any CPU.ActiveCfg = Debug|Any CPU
		{7862B03C-7F77-4453-9A68-59FD24C4F3ED}.Debug|Any CPU.Build.0 = Debug|Any CPU
		{7862B03C-7F77-4453-9A68-59FD24C4F3ED}.Release|Any CPU.ActiveCfg = Release|Any CPU
		{7862B03C-7F77-4453-9A68-59FD24C4F3ED}.Release|Any CPU.Build.0 = Release|Any CPU
		{A782EA7B-B387-438B-82EE-E845F563AB81}.Debug|Any CPU.ActiveCfg = Debug|Any CPU
		{A782EA7B-B387-438B-82EE-E845F563AB81}.Debug|Any CPU.Build.0 = Debug|Any CPU
		{A782EA7B-B387-438B-82EE-E845F563AB81}.Release|Any CPU.ActiveCfg = Release|Any CPU
		{A782EA7B-B387-438B-82EE-E845F563AB81}.Release|Any CPU.Build.0 = Release|Any CPU
		{A85D0DEB-A440-4F14-AB19-EE9B4D3A729D}.Debug|Any CPU.ActiveCfg = Debug|Any CPU
		{A85D0DEB-A440-4F14-AB19-EE9B4D3A729D}.Debug|Any CPU.Build.0 = Debug|Any CPU
		{A85D0DEB-A440-4F14-AB19-EE9B4D3A729D}.Release|Any CPU.ActiveCfg = Release|Any CPU
		{A85D0DEB-A440-4F14-AB19-EE9B4D3A729D}.Release|Any CPU.Build.0 = Release|Any CPU
		{E6243335-28B5-4732-9B7A-2EA7B6971D77}.Debug|Any CPU.ActiveCfg = Debug|Any CPU
		{E6243335-28B5-4732-9B7A-2EA7B6971D77}.Debug|Any CPU.Build.0 = Debug|Any CPU
		{E6243335-28B5-4732-9B7A-2EA7B6971D77}.Release|Any CPU.ActiveCfg = Release|Any CPU
		{E6243335-28B5-4732-9B7A-2EA7B6971D77}.Release|Any CPU.Build.0 = Release|Any CPU
		{3DE4EE66-7571-4EB5-A68E-3CBBF5ECC37B}.Debug|Any CPU.ActiveCfg = Debug|Any CPU
		{3DE4EE66-7571-4EB5-A68E-3CBBF5ECC37B}.Debug|Any CPU.Build.0 = Debug|Any CPU
		{3DE4EE66-7571-4EB5-A68E-3CBBF5ECC37B}.Release|Any CPU.ActiveCfg = Release|Any CPU
		{3DE4EE66-7571-4EB5-A68E-3CBBF5ECC37B}.Release|Any CPU.Build.0 = Release|Any CPU
		{5116A36A-F8F0-40A3-8AE3-F36F61B97E05}.Debug|Any CPU.ActiveCfg = Debug|Any CPU
		{5116A36A-F8F0-40A3-8AE3-F36F61B97E05}.Debug|Any CPU.Build.0 = Debug|Any CPU
		{5116A36A-F8F0-40A3-8AE3-F36F61B97E05}.Release|Any CPU.ActiveCfg = Release|Any CPU
		{5116A36A-F8F0-40A3-8AE3-F36F61B97E05}.Release|Any CPU.Build.0 = Release|Any CPU
		{9E8A2337-43D3-4881-8D31-7F8EB477B134}.Debug|Any CPU.ActiveCfg = Debug|Any CPU
		{9E8A2337-43D3-4881-8D31-7F8EB477B134}.Debug|Any CPU.Build.0 = Debug|Any CPU
		{9E8A2337-43D3-4881-8D31-7F8EB477B134}.Release|Any CPU.ActiveCfg = Release|Any CPU
		{9E8A2337-43D3-4881-8D31-7F8EB477B134}.Release|Any CPU.Build.0 = Release|Any CPU
		{579A9EBD-2A0A-480F-A2EE-03BA17BD410F}.Debug|Any CPU.ActiveCfg = Debug|Any CPU
		{579A9EBD-2A0A-480F-A2EE-03BA17BD410F}.Debug|Any CPU.Build.0 = Debug|Any CPU
		{579A9EBD-2A0A-480F-A2EE-03BA17BD410F}.Release|Any CPU.ActiveCfg = Release|Any CPU
		{579A9EBD-2A0A-480F-A2EE-03BA17BD410F}.Release|Any CPU.Build.0 = Release|Any CPU
		{395D2C71-4EFE-4545-B066-52AA3A7FCBBE}.Debug|Any CPU.ActiveCfg = Debug|Any CPU
		{395D2C71-4EFE-4545-B066-52AA3A7FCBBE}.Debug|Any CPU.Build.0 = Debug|Any CPU
		{395D2C71-4EFE-4545-B066-52AA3A7FCBBE}.Release|Any CPU.ActiveCfg = Release|Any CPU
		{395D2C71-4EFE-4545-B066-52AA3A7FCBBE}.Release|Any CPU.Build.0 = Release|Any CPU
		{403B63FD-7295-4E77-B6B7-A277255E9BE2}.Debug|Any CPU.ActiveCfg = Debug|Any CPU
		{403B63FD-7295-4E77-B6B7-A277255E9BE2}.Debug|Any CPU.Build.0 = Debug|Any CPU
		{403B63FD-7295-4E77-B6B7-A277255E9BE2}.Release|Any CPU.ActiveCfg = Release|Any CPU
		{403B63FD-7295-4E77-B6B7-A277255E9BE2}.Release|Any CPU.Build.0 = Release|Any CPU
		{E6324166-795F-41B6-B82D-83F22FDC3041}.Debug|Any CPU.ActiveCfg = Debug|Any CPU
		{E6324166-795F-41B6-B82D-83F22FDC3041}.Debug|Any CPU.Build.0 = Debug|Any CPU
		{E6324166-795F-41B6-B82D-83F22FDC3041}.Release|Any CPU.ActiveCfg = Release|Any CPU
		{E6324166-795F-41B6-B82D-83F22FDC3041}.Release|Any CPU.Build.0 = Release|Any CPU
		{2F091D0B-33FD-4667-B42B-4FAC9201C8E8}.Debug|Any CPU.ActiveCfg = Debug|Any CPU
		{2F091D0B-33FD-4667-B42B-4FAC9201C8E8}.Debug|Any CPU.Build.0 = Debug|Any CPU
		{2F091D0B-33FD-4667-B42B-4FAC9201C8E8}.Release|Any CPU.ActiveCfg = Release|Any CPU
		{2F091D0B-33FD-4667-B42B-4FAC9201C8E8}.Release|Any CPU.Build.0 = Release|Any CPU
		{909C38FD-066A-49AA-8202-14DB8F2BAE2E}.Debug|Any CPU.ActiveCfg = Debug|Any CPU
		{909C38FD-066A-49AA-8202-14DB8F2BAE2E}.Debug|Any CPU.Build.0 = Debug|Any CPU
		{909C38FD-066A-49AA-8202-14DB8F2BAE2E}.Release|Any CPU.ActiveCfg = Release|Any CPU
		{909C38FD-066A-49AA-8202-14DB8F2BAE2E}.Release|Any CPU.Build.0 = Release|Any CPU
		{EDB10CE3-511E-45B1-A32D-FB7AC4D612CF}.Debug|Any CPU.ActiveCfg = Debug|Any CPU
		{EDB10CE3-511E-45B1-A32D-FB7AC4D612CF}.Debug|Any CPU.Build.0 = Debug|Any CPU
		{EDB10CE3-511E-45B1-A32D-FB7AC4D612CF}.Release|Any CPU.ActiveCfg = Release|Any CPU
		{EDB10CE3-511E-45B1-A32D-FB7AC4D612CF}.Release|Any CPU.Build.0 = Release|Any CPU
		{17B9F268-14A3-40AE-8AC1-227A949609F2}.Debug|Any CPU.ActiveCfg = Debug|Any CPU
		{17B9F268-14A3-40AE-8AC1-227A949609F2}.Debug|Any CPU.Build.0 = Debug|Any CPU
		{17B9F268-14A3-40AE-8AC1-227A949609F2}.Release|Any CPU.ActiveCfg = Release|Any CPU
		{17B9F268-14A3-40AE-8AC1-227A949609F2}.Release|Any CPU.Build.0 = Release|Any CPU
		{D9DE3448-6CDE-40A8-AFF7-B7E566B2F2C2}.Debug|Any CPU.ActiveCfg = Debug|Any CPU
		{D9DE3448-6CDE-40A8-AFF7-B7E566B2F2C2}.Debug|Any CPU.Build.0 = Debug|Any CPU
		{D9DE3448-6CDE-40A8-AFF7-B7E566B2F2C2}.Release|Any CPU.ActiveCfg = Release|Any CPU
		{D9DE3448-6CDE-40A8-AFF7-B7E566B2F2C2}.Release|Any CPU.Build.0 = Release|Any CPU
		{B9DA293B-9A08-4802-8E7A-27C5EB6856C9}.Debug|Any CPU.ActiveCfg = Debug|Any CPU
		{B9DA293B-9A08-4802-8E7A-27C5EB6856C9}.Debug|Any CPU.Build.0 = Debug|Any CPU
		{B9DA293B-9A08-4802-8E7A-27C5EB6856C9}.Release|Any CPU.ActiveCfg = Release|Any CPU
		{B9DA293B-9A08-4802-8E7A-27C5EB6856C9}.Release|Any CPU.Build.0 = Release|Any CPU
		{3069C186-1DD1-45D7-B9C9-94436C2EA177}.Debug|Any CPU.ActiveCfg = Debug|Any CPU
		{3069C186-1DD1-45D7-B9C9-94436C2EA177}.Debug|Any CPU.Build.0 = Debug|Any CPU
		{3069C186-1DD1-45D7-B9C9-94436C2EA177}.Release|Any CPU.ActiveCfg = Release|Any CPU
		{3069C186-1DD1-45D7-B9C9-94436C2EA177}.Release|Any CPU.Build.0 = Release|Any CPU
		{22EA9E61-87A3-48CA-8AFB-CC81647A1DB1}.Debug|Any CPU.ActiveCfg = Debug|Any CPU
		{22EA9E61-87A3-48CA-8AFB-CC81647A1DB1}.Debug|Any CPU.Build.0 = Debug|Any CPU
		{22EA9E61-87A3-48CA-8AFB-CC81647A1DB1}.Release|Any CPU.ActiveCfg = Release|Any CPU
		{22EA9E61-87A3-48CA-8AFB-CC81647A1DB1}.Release|Any CPU.Build.0 = Release|Any CPU
		{AB2C4C4D-E75F-4D88-A1F9-4FE60A26D0DE}.Debug|Any CPU.ActiveCfg = Debug|Any CPU
		{AB2C4C4D-E75F-4D88-A1F9-4FE60A26D0DE}.Debug|Any CPU.Build.0 = Debug|Any CPU
		{AB2C4C4D-E75F-4D88-A1F9-4FE60A26D0DE}.Release|Any CPU.ActiveCfg = Release|Any CPU
		{AB2C4C4D-E75F-4D88-A1F9-4FE60A26D0DE}.Release|Any CPU.Build.0 = Release|Any CPU
		{BF7E9974-E315-4308-8C1B-E3E074F76DC0}.Debug|Any CPU.ActiveCfg = Debug|Any CPU
		{BF7E9974-E315-4308-8C1B-E3E074F76DC0}.Debug|Any CPU.Build.0 = Debug|Any CPU
		{BF7E9974-E315-4308-8C1B-E3E074F76DC0}.Release|Any CPU.ActiveCfg = Release|Any CPU
		{BF7E9974-E315-4308-8C1B-E3E074F76DC0}.Release|Any CPU.Build.0 = Release|Any CPU
	EndGlobalSection
EndGlobal
